
Microsoft Visual Studio Solution File, Format Version 12.00
# Visual Studio Version 17
VisualStudioVersion = 17.11.35222.181
MinimumVisualStudioVersion = 10.0.40219.1
Project("{FAE04EC0-301F-11D3-BF4B-00C04F79EFBC}") = "SimpleOrder", "SimpleOrder.csproj", "{4ADB8C00-5CA2-4F88-BF8D-4483E70D5300}"
EndProject
Global
	GlobalSection(SolutionConfigurationPlatforms) = preSolution
		Debug|Any CPU = Debug|Any CPU
		Release|Any CPU = Release|Any CPU
	EndGlobalSection
	GlobalSection(ProjectConfigurationPlatforms) = postSolution
		{4ADB8C00-5CA2-4F88-BF8D-4483E70D5300}.Debug|Any CPU.ActiveCfg = Debug|Any CPU
		{4ADB8C00-5CA2-4F88-BF8D-4483E70D5300}.Debug|Any CPU.Build.0 = Debug|Any CPU
		{4ADB8C00-5CA2-4F88-BF8D-4483E70D5300}.Release|Any CPU.ActiveCfg = Release|Any CPU
		{4ADB8C00-5CA2-4F88-BF8D-4483E70D5300}.Release|Any CPU.Build.0 = Release|Any CPU
	EndGlobalSection
	GlobalSection(SolutionProperties) = preSolution
		HideSolutionNode = FALSE
	EndGlobalSection
	GlobalSection(ExtensibilityGlobals) = postSolution
		SolutionGuid = {216CC7A4-1993-4DDE-B972-9E6B637D4855}
	EndGlobalSection
EndGlobal
